
Microsoft Visual Studio Solution File, Format Version 11.00
# Visual Studio 2010
Project("{FAE04EC0-301F-11D3-BF4B-00C04F79EFBC}") = "SLJs", "SLJs\SLJs.csproj", "{8728DB9F-BB27-4749-BE79-4A7EC9280084}"
EndProject
Project("{FAE04EC0-301F-11D3-BF4B-00C04F79EFBC}") = "SLJs.Web", "SLJs.Web\SLJs.Web.csproj", "{0BA1128E-A348-4682-B34E-1E2721B2D7D9}"
EndProject
Global
	GlobalSection(SolutionConfigurationPlatforms) = preSolution
		Debug|Any CPU = Debug|Any CPU
		Release|Any CPU = Release|Any CPU
	EndGlobalSection
	GlobalSection(ProjectConfigurationPlatforms) = postSolution
		{8728DB9F-BB27-4749-BE79-4A7EC9280084}.Debug|Any CPU.ActiveCfg = Debug|Any CPU
		{8728DB9F-BB27-4749-BE79-4A7EC9280084}.Debug|Any CPU.Build.0 = Debug|Any CPU
		{8728DB9F-BB27-4749-BE79-4A7EC9280084}.Release|Any CPU.ActiveCfg = Release|Any CPU
		{8728DB9F-BB27-4749-BE79-4A7EC9280084}.Release|Any CPU.Build.0 = Release|Any CPU
		{0BA1128E-A348-4682-B34E-1E2721B2D7D9}.Debug|Any CPU.ActiveCfg = Debug|Any CPU
		{0BA1128E-A348-4682-B34E-1E2721B2D7D9}.Debug|Any CPU.Build.0 = Debug|Any CPU
		{0BA1128E-A348-4682-B34E-1E2721B2D7D9}.Release|Any CPU.ActiveCfg = Release|Any CPU
		{0BA1128E-A348-4682-B34E-1E2721B2D7D9}.Release|Any CPU.Build.0 = Release|Any CPU
	EndGlobalSection
	GlobalSection(SolutionProperties) = preSolution
		HideSolutionNode = FALSE
	EndGlobalSection
EndGlobal
